// !$*UTF8*$!
{
	archiveVersion = 1;
	classes = {
	};
	objectVersion = 50;
	objects = {

/* Begin PBXBuildFile section */
		60A41AD626907B48001687E3 /* main.swift in Sources */ = {isa = PBXBuildFile; fileRef = 60A41AD526907B48001687E3 /* main.swift */; };
		60A41ADF26908846001687E3 /* DataMining.swift in Sources */ = {isa = PBXBuildFile; fileRef = 60A41ADE26908846001687E3 /* DataMining.swift */; };
		60A41AE126908859001687E3 /* PDFFileDataMining.swift in Sources */ = {isa = PBXBuildFile; fileRef = 60A41AE026908859001687E3 /* PDFFileDataMining.swift */; };
		60A41AE32690885D001687E3 /* WordFileDataMining.swift in Sources */ = {isa = PBXBuildFile; fileRef = 60A41AE22690885D001687E3 /* WordFileDataMining.swift */; };
		60A41AE526908862001687E3 /* ExcelFileDataMining.swift in Sources */ = {isa = PBXBuildFile; fileRef = 60A41AE426908862001687E3 /* ExcelFileDataMining.swift */; };
		60A41AE72690886F001687E3 /* Client.swift in Sources */ = {isa = PBXBuildFile; fileRef = 60A41AE62690886F001687E3 /* Client.swift */; };
/* End PBXBuildFile section */

/* Begin PBXCopyFilesBuildPhase section */
		60A41AD026907B48001687E3 /* CopyFiles */ = {
			isa = PBXCopyFilesBuildPhase;
			buildActionMask = 2147483647;
			dstPath = /usr/share/man/man1/;
			dstSubfolderSpec = 0;
			files = (
			);
			runOnlyForDeploymentPostprocessing = 1;
		};
/* End PBXCopyFilesBuildPhase section */

/* Begin PBXFileReference section */
		60A41AD226907B48001687E3 /* Template Method Pattern */ = {isa = PBXFileReference; explicitFileType = "compiled.mach-o.executable"; includeInIndex = 0; path = "Template Method Pattern"; sourceTree = BUILT_PRODUCTS_DIR; };
		60A41AD526907B48001687E3 /* main.swift */ = {isa = PBXFileReference; lastKnownFileType = sourcecode.swift; path = main.swift; sourceTree = "<group>"; };
		60A41ADE26908846001687E3 /* DataMining.swift */ = {isa = PBXFileReference; lastKnownFileType = sourcecode.swift; path = DataMining.swift; sourceTree = "<group>"; };
		60A41AE026908859001687E3 /* PDFFileDataMining.swift */ = {isa = PBXFileReference; lastKnownFileType = sourcecode.swift; path = PDFFileDataMining.swift; sourceTree = "<group>"; };
		60A41AE22690885D001687E3 /* WordFileDataMining.swift */ = {isa = PBXFileReference; lastKnownFileType = sourcecode.swift; path = WordFileDataMining.swift; sourceTree = "<group>"; };
		60A41AE426908862001687E3 /* ExcelFileDataMining.swift */ = {isa = PBXFileReference; lastKnownFileType = sourcecode.swift; path = ExcelFileDataMining.swift; sourceTree = "<group>"; };
		60A41AE62690886F001687E3 /* Client.swift */ = {isa = PBXFileReference; lastKnownFileType = sourcecode.swift; path = Client.swift; sourceTree = "<group>"; };
/* End PBXFileReference section */

/* Begin PBXFrameworksBuildPhase section */
		60A41ACF26907B48001687E3 /* Frameworks */ = {
			isa = PBXFrameworksBuildPhase;
			buildActionMask = 2147483647;
			files = (
			);
			runOnlyForDeploymentPostprocessing = 0;
		};
/* End PBXFrameworksBuildPhase section */

/* Begin PBXGroup section */
		60A41AC926907B48001687E3 = {
			isa = PBXGroup;
			children = (
				60A41AD426907B48001687E3 /* Template Method Pattern */,
				60A41AD326907B48001687E3 /* Products */,
			);
			sourceTree = "<group>";
		};
		60A41AD326907B48001687E3 /* Products */ = {
			isa = PBXGroup;
			children = (
				60A41AD226907B48001687E3 /* Template Method Pattern */,
			);
			name = Products;
			sourceTree = "<group>";
		};
		60A41AD426907B48001687E3 /* Template Method Pattern */ = {
			isa = PBXGroup;
			children = (
				60A41AE826908895001687E3 /* Client */,
				60A41ADC26907BB5001687E3 /* Abstract Class */,
				60A41ADD26907BBC001687E3 /* Concrete Class */,
				60A41AD526907B48001687E3 /* main.swift */,
			);
			path = "Template Method Pattern";
			sourceTree = "<group>";
		};
		60A41ADC26907BB5001687E3 /* Abstract Class */ = {
			isa = PBXGroup;
			children = (
				60A41ADE26908846001687E3 /* DataMining.swift */,
			);
			path = "Abstract Class";
			sourceTree = "<group>";
		};
		60A41ADD26907BBC001687E3 /* Concrete Class */ = {
			isa = PBXGroup;
			children = (
				60A41AE026908859001687E3 /* PDFFileDataMining.swift */,
				60A41AE22690885D001687E3 /* WordFileDataMining.swift */,
				60A41AE426908862001687E3 /* ExcelFileDataMining.swift */,
			);
			path = "Concrete Class";
			sourceTree = "<group>";
		};
		60A41AE826908895001687E3 /* Client */ = {
			isa = PBXGroup;
			children = (
				60A41AE62690886F001687E3 /* Client.swift */,
			);
			path = Client;
			sourceTree = "<group>";
		};
/* End PBXGroup section */

/* Begin PBXNativeTarget section */
		60A41AD126907B48001687E3 /* Template Method Pattern */ = {
			isa = PBXNativeTarget;
			buildConfigurationList = 60A41AD926907B48001687E3 /* Build configuration list for PBXNativeTarget "Template Method Pattern" */;
			buildPhases = (
				60A41ACE26907B48001687E3 /* Sources */,
				60A41ACF26907B48001687E3 /* Frameworks */,
				60A41AD026907B48001687E3 /* CopyFiles */,
			);
			buildRules = (
			);
			dependencies = (
			);
			name = "Template Method Pattern";
			productName = "Template Method Pattern";
			productReference = 60A41AD226907B48001687E3 /* Template Method Pattern */;
			productType = "com.apple.product-type.tool";
		};
/* End PBXNativeTarget section */

/* Begin PBXProject section */
		60A41ACA26907B48001687E3 /* Project object */ = {
			isa = PBXProject;
			attributes = {
				LastSwiftUpdateCheck = 1250;
				LastUpgradeCheck = 1250;
				TargetAttributes = {
					60A41AD126907B48001687E3 = {
						CreatedOnToolsVersion = 12.5;
					};
				};
			};
			buildConfigurationList = 60A41ACD26907B48001687E3 /* Build configuration list for PBXProject "Template Method Pattern" */;
			compatibilityVersion = "Xcode 9.3";
			developmentRegion = en;
			hasScannedForEncodings = 0;
			knownRegions = (
				en,
				Base,
			);
			mainGroup = 60A41AC926907B48001687E3;
			productRefGroup = 60A41AD326907B48001687E3 /* Products */;
			projectDirPath = "";
			projectRoot = "";
			targets = (
				60A41AD126907B48001687E3 /* Template Method Pattern */,
			);
		};
/* End PBXProject section */

/* Begin PBXSourcesBuildPhase section */
		60A41ACE26907B48001687E3 /* Sources */ = {
			isa = PBXSourcesBuildPhase;
			buildActionMask = 2147483647;
			files = (
				60A41AE526908862001687E3 /* ExcelFileDataMining.swift in Sources */,
				60A41AE126908859001687E3 /* PDFFileDataMining.swift in Sources */,
				60A41AE72690886F001687E3 /* Client.swift in Sources */,
				60A41AD626907B48001687E3 /* main.swift in Sources */,
				60A41ADF26908846001687E3 /* DataMining.swift in Sources */,
				60A41AE32690885D001687E3 /* WordFileDataMining.swift in Sources */,
			);
			runOnlyForDeploymentPostprocessing = 0;
		};
/* End PBXSourcesBuildPhase section */

/* Begin XCBuildConfiguration section */
		60A41AD726907B48001687E3 /* Debug */ = {
			isa = XCBuildConfiguration;
			buildSettings = {
				ALWAYS_SEARCH_USER_PATHS = NO;
				CLANG_ANALYZER_NONNULL = YES;
				CLANG_ANALYZER_NUMBER_OBJECT_CONVERSION = YES_AGGRESSIVE;
				CLANG_CXX_LANGUAGE_STANDARD = "gnu++14";
				CLANG_CXX_LIBRARY = "libc++";
				CLANG_ENABLE_MODULES = YES;
				CLANG_ENABLE_OBJC_ARC = YES;
				CLANG_ENABLE_OBJC_WEAK = YES;
				CLANG_WARN_BLOCK_CAPTURE_AUTORELEASING = YES;
				CLANG_WARN_BOOL_CONVERSION = YES;
				CLANG_WARN_COMMA = YES;
				CLANG_WARN_CONSTANT_CONVERSION = YES;
				CLANG_WARN_DEPRECATED_OBJC_IMPLEMENTATIONS = YES;
				CLANG_WARN_DIRECT_OBJC_ISA_USAGE = YES_ERROR;
				CLANG_WARN_DOCUMENTATION_COMMENTS = YES;
				CLANG_WARN_EMPTY_BODY = YES;
				CLANG_WARN_ENUM_CONVERSION = YES;
				CLANG_WARN_INFINITE_RECURSION = YES;
				CLANG_WARN_INT_CONVERSION = YES;
				CLANG_WARN_NON_LITERAL_NULL_CONVERSION = YES;
				CLANG_WARN_OBJC_IMPLICIT_RETAIN_SELF = YES;
				CLANG_WARN_OBJC_LITERAL_CONVERSION = YES;
				CLANG_WARN_OBJC_ROOT_CLASS = YES_ERROR;
				CLANG_WARN_QUOTED_INCLUDE_IN_FRAMEWORK_HEADER = YES;
				CLANG_WARN_RANGE_LOOP_ANALYSIS = YES;
				CLANG_WARN_STRICT_PROTOTYPES = YES;
				CLANG_WARN_SUSPICIOUS_MOVE = YES;
				CLANG_WARN_UNGUARDED_AVAILABILITY = YES_AGGRESSIVE;
				CLANG_WARN_UNREACHABLE_CODE = YES;
				CLANG_WARN__DUPLICATE_METHOD_MATCH = YES;
				COPY_PHASE_STRIP = NO;
				DEBUG_INFORMATION_FORMAT = dwarf;
				ENABLE_STRICT_OBJC_MSGSEND = YES;
				ENABLE_TESTABILITY = YES;
				GCC_C_LANGUAGE_STANDARD = gnu11;
				GCC_DYNAMIC_NO_PIC = NO;
				GCC_NO_COMMON_BLOCKS = YES;
				GCC_OPTIMIZATION_LEVEL = 0;
				GCC_PREPROCESSOR_DEFINITIONS = (
					"DEBUG=1",
					"$(inherited)",
				);
				GCC_WARN_64_TO_32_BIT_CONVERSION = YES;
				GCC_WARN_ABOUT_RETURN_TYPE = YES_ERROR;
				GCC_WARN_UNDECLARED_SELECTOR = YES;
				GCC_WARN_UNINITIALIZED_AUTOS = YES_AGGRESSIVE;
				GCC_WARN_UNUSED_FUNCTION = YES;
				GCC_WARN_UNUSED_VARIABLE = YES;
				MACOSX_DEPLOYMENT_TARGET = 11.1;
				MTL_ENABLE_DEBUG_INFO = INCLUDE_SOURCE;
				MTL_FAST_MATH = YES;
				ONLY_ACTIVE_ARCH = YES;
				SDKROOT = macosx;
				SWIFT_ACTIVE_COMPILATION_CONDITIONS = DEBUG;
				SWIFT_OPTIMIZATION_LEVEL = "-Onone";
			};
			name = Debug;
		};
		60A41AD826907B48001687E3 /* Release */ = {
			isa = XCBuildConfiguration;
			buildSettings = {
				ALWAYS_SEARCH_USER_PATHS = NO;
				CLANG_ANALYZER_NONNULL = YES;
				CLANG_ANALYZER_NUMBER_OBJECT_CONVERSION = YES_AGGRESSIVE;
				CLANG_CXX_LANGUAGE_STANDARD = "gnu++14";
				CLANG_CXX_LIBRARY = "libc++";
				CLANG_ENABLE_MODULES = YES;
				CLANG_ENABLE_OBJC_ARC = YES;
				CLANG_ENABLE_OBJC_WEAK = YES;
				CLANG_WARN_BLOCK_CAPTURE_AUTORELEASING = YES;
				CLANG_WARN_BOOL_CONVERSION = YES;
				CLANG_WARN_COMMA = YES;
				CLANG_WARN_CONSTANT_CONVERSION = YES;
				CLANG_WARN_DEPRECATED_OBJC_IMPLEMENTATIONS = YES;
				CLANG_WARN_DIRECT_OBJC_ISA_USAGE = YES_ERROR;
				CLANG_WARN_DOCUMENTATION_COMMENTS = YES;
				CLANG_WARN_EMPTY_BODY = YES;
				CLANG_WARN_ENUM_CONVERSION = YES;
				CLANG_WARN_INFINITE_RECURSION = YES;
				CLANG_WARN_INT_CONVERSION = YES;
				CLANG_WARN_NON_LITERAL_NULL_CONVERSION = YES;
				CLANG_WARN_OBJC_IMPLICIT_RETAIN_SELF = YES;
				CLANG_WARN_OBJC_LITERAL_CONVERSION = YES;
				CLANG_WARN_OBJC_ROOT_CLASS = YES_ERROR;
				CLANG_WARN_QUOTED_INCLUDE_IN_FRAMEWORK_HEADER = YES;
				CLANG_WARN_RANGE_LOOP_ANALYSIS = YES;
				CLANG_WARN_STRICT_PROTOTYPES = YES;
				CLANG_WARN_SUSPICIOUS_MOVE = YES;
				CLANG_WARN_UNGUARDED_AVAILABILITY = YES_AGGRESSIVE;
				CLANG_WARN_UNREACHABLE_CODE = YES;
				CLANG_WARN__DUPLICATE_METHOD_MATCH = YES;
				COPY_PHASE_STRIP = NO;
				DEBUG_INFORMATION_FORMAT = "dwarf-with-dsym";
				ENABLE_NS_ASSERTIONS = NO;
				ENABLE_STRICT_OBJC_MSGSEND = YES;
				GCC_C_LANGUAGE_STANDARD = gnu11;
				GCC_NO_COMMON_BLOCKS = YES;
				GCC_WARN_64_TO_32_BIT_CONVERSION = YES;
				GCC_WARN_ABOUT_RETURN_TYPE = YES_ERROR;
				GCC_WARN_UNDECLARED_SELECTOR = YES;
				GCC_WARN_UNINITIALIZED_AUTOS = YES_AGGRESSIVE;
				GCC_WARN_UNUSED_FUNCTION = YES;
				GCC_WARN_UNUSED_VARIABLE = YES;
				MACOSX_DEPLOYMENT_TARGET = 11.1;
				MTL_ENABLE_DEBUG_INFO = NO;
				MTL_FAST_MATH = YES;
				SDKROOT = macosx;
				SWIFT_COMPILATION_MODE = wholemodule;
				SWIFT_OPTIMIZATION_LEVEL = "-O";
			};
			name = Release;
		};
		60A41ADA26907B48001687E3 /* Debug */ = {
			isa = XCBuildConfiguration;
			buildSettings = {
				CODE_SIGN_STYLE = Automatic;
				DEVELOPMENT_TEAM = 3K8FAYP34K;
				ENABLE_HARDENED_RUNTIME = YES;
				PRODUCT_NAME = "$(TARGET_NAME)";
				SWIFT_VERSION = 5.0;
			};
			name = Debug;
		};
		60A41ADB26907B48001687E3 /* Release */ = {
			isa = XCBuildConfiguration;
			buildSettings = {
				CODE_SIGN_STYLE = Automatic;
				DEVELOPMENT_TEAM = 3K8FAYP34K;
				ENABLE_HARDENED_RUNTIME = YES;
				PRODUCT_NAME = "$(TARGET_NAME)";
				SWIFT_VERSION = 5.0;
			};
			name = Release;
		};
/* End XCBuildConfiguration section */

/* Begin XCConfigurationList section */
		60A41ACD26907B48001687E3 /* Build configuration list for PBXProject "Template Method Pattern" */ = {
			isa = XCConfigurationList;
			buildConfigurations = (
				60A41AD726907B48001687E3 /* Debug */,
				60A41AD826907B48001687E3 /* Release */,
			);
			defaultConfigurationIsVisible = 0;
			defaultConfigurationName = Release;
		};
		60A41AD926907B48001687E3 /* Build configuration list for PBXNativeTarget "Template Method Pattern" */ = {
			isa = XCConfigurationList;
			buildConfigurations = (
				60A41ADA26907B48001687E3 /* Debug */,
				60A41ADB26907B48001687E3 /* Release */,
			);
			defaultConfigurationIsVisible = 0;
			defaultConfigurationName = Release;
		};
/* End XCConfigurationList section */
	};
	rootObject = 60A41ACA26907B48001687E3 /* Project object */;
}
