// !$*UTF8*$!
{
	archiveVersion = 1;
	classes = {
	};
	objectVersion = 50;
	objects = {

/* Begin PBXBuildFile section */
		603AAF9E2647F88D002809B7 /* main.swift in Sources */ = {isa = PBXBuildFile; fileRef = 603AAF9D2647F88D002809B7 /* main.swift */; };
		603AAFA62647F90E002809B7 /* Player.swift in Sources */ = {isa = PBXBuildFile; fileRef = 603AAFA52647F90E002809B7 /* Player.swift */; };
		603AAFAA26481891002809B7 /* PlayerFactory.swift in Sources */ = {isa = PBXBuildFile; fileRef = 603AAFA926481891002809B7 /* PlayerFactory.swift */; };
		603AAFB026481C6D002809B7 /* PlayerCreator.swift in Sources */ = {isa = PBXBuildFile; fileRef = 603AAFAF26481C6D002809B7 /* PlayerCreator.swift */; };
		603AAFB426481C7D002809B7 /* MusicPlayer.swift in Sources */ = {isa = PBXBuildFile; fileRef = 603AAFB326481C7D002809B7 /* MusicPlayer.swift */; };
		603AAFB726481C82002809B7 /* VideoPlayer.swift in Sources */ = {isa = PBXBuildFile; fileRef = 603AAFB626481C82002809B7 /* VideoPlayer.swift */; };
/* End PBXBuildFile section */

/* Begin PBXCopyFilesBuildPhase section */
		603AAF982647F88D002809B7 /* CopyFiles */ = {
			isa = PBXCopyFilesBuildPhase;
			buildActionMask = 2147483647;
			dstPath = /usr/share/man/man1/;
			dstSubfolderSpec = 0;
			files = (
			);
			runOnlyForDeploymentPostprocessing = 1;
		};
/* End PBXCopyFilesBuildPhase section */

/* Begin PBXFileReference section */
		603AAF9A2647F88D002809B7 /* Factory Method Pattern */ = {isa = PBXFileReference; explicitFileType = "compiled.mach-o.executable"; includeInIndex = 0; path = "Factory Method Pattern"; sourceTree = BUILT_PRODUCTS_DIR; };
		603AAF9D2647F88D002809B7 /* main.swift */ = {isa = PBXFileReference; lastKnownFileType = sourcecode.swift; path = main.swift; sourceTree = "<group>"; };
		603AAFA52647F90E002809B7 /* Player.swift */ = {isa = PBXFileReference; lastKnownFileType = sourcecode.swift; path = Player.swift; sourceTree = "<group>"; };
		603AAFA926481891002809B7 /* PlayerFactory.swift */ = {isa = PBXFileReference; lastKnownFileType = sourcecode.swift; path = PlayerFactory.swift; sourceTree = "<group>"; };
		603AAFAF26481C6D002809B7 /* PlayerCreator.swift */ = {isa = PBXFileReference; lastKnownFileType = sourcecode.swift; path = PlayerCreator.swift; sourceTree = "<group>"; };
		603AAFB326481C7D002809B7 /* MusicPlayer.swift */ = {isa = PBXFileReference; lastKnownFileType = sourcecode.swift; path = MusicPlayer.swift; sourceTree = "<group>"; };
		603AAFB626481C82002809B7 /* VideoPlayer.swift */ = {isa = PBXFileReference; lastKnownFileType = sourcecode.swift; path = VideoPlayer.swift; sourceTree = "<group>"; };
/* End PBXFileReference section */

/* Begin PBXFrameworksBuildPhase section */
		603AAF972647F88D002809B7 /* Frameworks */ = {
			isa = PBXFrameworksBuildPhase;
			buildActionMask = 2147483647;
			files = (
			);
			runOnlyForDeploymentPostprocessing = 0;
		};
/* End PBXFrameworksBuildPhase section */

/* Begin PBXGroup section */
		603AAF912647F88D002809B7 = {
			isa = PBXGroup;
			children = (
				603AAF9C2647F88D002809B7 /* Factory Method Pattern */,
				603AAF9B2647F88D002809B7 /* Products */,
			);
			sourceTree = "<group>";
		};
		603AAF9B2647F88D002809B7 /* Products */ = {
			isa = PBXGroup;
			children = (
				603AAF9A2647F88D002809B7 /* Factory Method Pattern */,
			);
			name = Products;
			sourceTree = "<group>";
		};
		603AAF9C2647F88D002809B7 /* Factory Method Pattern */ = {
			isa = PBXGroup;
			children = (
				603AAFAD26481C4B002809B7 /* Creator */,
				603AAFAE26481C51002809B7 /* Product */,
				603AAF9D2647F88D002809B7 /* main.swift */,
			);
			path = "Factory Method Pattern";
			sourceTree = "<group>";
		};
		603AAFAD26481C4B002809B7 /* Creator */ = {
			isa = PBXGroup;
			children = (
				603AAFA926481891002809B7 /* PlayerFactory.swift */,
				603AAFAF26481C6D002809B7 /* PlayerCreator.swift */,
			);
			path = Creator;
			sourceTree = "<group>";
		};
		603AAFAE26481C51002809B7 /* Product */ = {
			isa = PBXGroup;
			children = (
				603AAFA52647F90E002809B7 /* Player.swift */,
				603AAFB326481C7D002809B7 /* MusicPlayer.swift */,
				603AAFB626481C82002809B7 /* VideoPlayer.swift */,
			);
			path = Product;
			sourceTree = "<group>";
		};
/* End PBXGroup section */

/* Begin PBXNativeTarget section */
		603AAF992647F88D002809B7 /* Factory Method Pattern */ = {
			isa = PBXNativeTarget;
			buildConfigurationList = 603AAFA12647F88D002809B7 /* Build configuration list for PBXNativeTarget "Factory Method Pattern" */;
			buildPhases = (
				603AAF962647F88D002809B7 /* Sources */,
				603AAF972647F88D002809B7 /* Frameworks */,
				603AAF982647F88D002809B7 /* CopyFiles */,
			);
			buildRules = (
			);
			dependencies = (
			);
			name = "Factory Method Pattern";
			productName = "Factory Method Pattern";
			productReference = 603AAF9A2647F88D002809B7 /* Factory Method Pattern */;
			productType = "com.apple.product-type.tool";
		};
/* End PBXNativeTarget section */

/* Begin PBXProject section */
		603AAF922647F88D002809B7 /* Project object */ = {
			isa = PBXProject;
			attributes = {
				LastSwiftUpdateCheck = 1200;
				LastUpgradeCheck = 1200;
				TargetAttributes = {
					603AAF992647F88D002809B7 = {
						CreatedOnToolsVersion = 12.0.1;
					};
				};
			};
			buildConfigurationList = 603AAF952647F88D002809B7 /* Build configuration list for PBXProject "Factory Method Pattern" */;
			compatibilityVersion = "Xcode 9.3";
			developmentRegion = en;
			hasScannedForEncodings = 0;
			knownRegions = (
				en,
				Base,
			);
			mainGroup = 603AAF912647F88D002809B7;
			productRefGroup = 603AAF9B2647F88D002809B7 /* Products */;
			projectDirPath = "";
			projectRoot = "";
			targets = (
				603AAF992647F88D002809B7 /* Factory Method Pattern */,
			);
		};
/* End PBXProject section */

/* Begin PBXSourcesBuildPhase section */
		603AAF962647F88D002809B7 /* Sources */ = {
			isa = PBXSourcesBuildPhase;
			buildActionMask = 2147483647;
			files = (
				603AAFA62647F90E002809B7 /* Player.swift in Sources */,
				603AAF9E2647F88D002809B7 /* main.swift in Sources */,
				603AAFB726481C82002809B7 /* VideoPlayer.swift in Sources */,
				603AAFAA26481891002809B7 /* PlayerFactory.swift in Sources */,
				603AAFB426481C7D002809B7 /* MusicPlayer.swift in Sources */,
				603AAFB026481C6D002809B7 /* PlayerCreator.swift in Sources */,
			);
			runOnlyForDeploymentPostprocessing = 0;
		};
/* End PBXSourcesBuildPhase section */

/* Begin XCBuildConfiguration section */
		603AAF9F2647F88D002809B7 /* Debug */ = {
			isa = XCBuildConfiguration;
			buildSettings = {
				ALWAYS_SEARCH_USER_PATHS = NO;
				CLANG_ANALYZER_NONNULL = YES;
				CLANG_ANALYZER_NUMBER_OBJECT_CONVERSION = YES_AGGRESSIVE;
				CLANG_CXX_LANGUAGE_STANDARD = "gnu++14";
				CLANG_CXX_LIBRARY = "libc++";
				CLANG_ENABLE_MODULES = YES;
				CLANG_ENABLE_OBJC_ARC = YES;
				CLANG_ENABLE_OBJC_WEAK = YES;
				CLANG_WARN_BLOCK_CAPTURE_AUTORELEASING = YES;
				CLANG_WARN_BOOL_CONVERSION = YES;
				CLANG_WARN_COMMA = YES;
				CLANG_WARN_CONSTANT_CONVERSION = YES;
				CLANG_WARN_DEPRECATED_OBJC_IMPLEMENTATIONS = YES;
				CLANG_WARN_DIRECT_OBJC_ISA_USAGE = YES_ERROR;
				CLANG_WARN_DOCUMENTATION_COMMENTS = YES;
				CLANG_WARN_EMPTY_BODY = YES;
				CLANG_WARN_ENUM_CONVERSION = YES;
				CLANG_WARN_INFINITE_RECURSION = YES;
				CLANG_WARN_INT_CONVERSION = YES;
				CLANG_WARN_NON_LITERAL_NULL_CONVERSION = YES;
				CLANG_WARN_OBJC_IMPLICIT_RETAIN_SELF = YES;
				CLANG_WARN_OBJC_LITERAL_CONVERSION = YES;
				CLANG_WARN_OBJC_ROOT_CLASS = YES_ERROR;
				CLANG_WARN_QUOTED_INCLUDE_IN_FRAMEWORK_HEADER = YES;
				CLANG_WARN_RANGE_LOOP_ANALYSIS = YES;
				CLANG_WARN_STRICT_PROTOTYPES = YES;
				CLANG_WARN_SUSPICIOUS_MOVE = YES;
				CLANG_WARN_UNGUARDED_AVAILABILITY = YES_AGGRESSIVE;
				CLANG_WARN_UNREACHABLE_CODE = YES;
				CLANG_WARN__DUPLICATE_METHOD_MATCH = YES;
				COPY_PHASE_STRIP = NO;
				DEBUG_INFORMATION_FORMAT = dwarf;
				ENABLE_STRICT_OBJC_MSGSEND = YES;
				ENABLE_TESTABILITY = YES;
				GCC_C_LANGUAGE_STANDARD = gnu11;
				GCC_DYNAMIC_NO_PIC = NO;
				GCC_NO_COMMON_BLOCKS = YES;
				GCC_OPTIMIZATION_LEVEL = 0;
				GCC_PREPROCESSOR_DEFINITIONS = (
					"DEBUG=1",
					"$(inherited)",
				);
				GCC_WARN_64_TO_32_BIT_CONVERSION = YES;
				GCC_WARN_ABOUT_RETURN_TYPE = YES_ERROR;
				GCC_WARN_UNDECLARED_SELECTOR = YES;
				GCC_WARN_UNINITIALIZED_AUTOS = YES_AGGRESSIVE;
				GCC_WARN_UNUSED_FUNCTION = YES;
				GCC_WARN_UNUSED_VARIABLE = YES;
				MACOSX_DEPLOYMENT_TARGET = 10.15;
				MTL_ENABLE_DEBUG_INFO = INCLUDE_SOURCE;
				MTL_FAST_MATH = YES;
				ONLY_ACTIVE_ARCH = YES;
				SDKROOT = macosx;
				SWIFT_ACTIVE_COMPILATION_CONDITIONS = DEBUG;
				SWIFT_OPTIMIZATION_LEVEL = "-Onone";
			};
			name = Debug;
		};
		603AAFA02647F88D002809B7 /* Release */ = {
			isa = XCBuildConfiguration;
			buildSettings = {
				ALWAYS_SEARCH_USER_PATHS = NO;
				CLANG_ANALYZER_NONNULL = YES;
				CLANG_ANALYZER_NUMBER_OBJECT_CONVERSION = YES_AGGRESSIVE;
				CLANG_CXX_LANGUAGE_STANDARD = "gnu++14";
				CLANG_CXX_LIBRARY = "libc++";
				CLANG_ENABLE_MODULES = YES;
				CLANG_ENABLE_OBJC_ARC = YES;
				CLANG_ENABLE_OBJC_WEAK = YES;
				CLANG_WARN_BLOCK_CAPTURE_AUTORELEASING = YES;
				CLANG_WARN_BOOL_CONVERSION = YES;
				CLANG_WARN_COMMA = YES;
				CLANG_WARN_CONSTANT_CONVERSION = YES;
				CLANG_WARN_DEPRECATED_OBJC_IMPLEMENTATIONS = YES;
				CLANG_WARN_DIRECT_OBJC_ISA_USAGE = YES_ERROR;
				CLANG_WARN_DOCUMENTATION_COMMENTS = YES;
				CLANG_WARN_EMPTY_BODY = YES;
				CLANG_WARN_ENUM_CONVERSION = YES;
				CLANG_WARN_INFINITE_RECURSION = YES;
				CLANG_WARN_INT_CONVERSION = YES;
				CLANG_WARN_NON_LITERAL_NULL_CONVERSION = YES;
				CLANG_WARN_OBJC_IMPLICIT_RETAIN_SELF = YES;
				CLANG_WARN_OBJC_LITERAL_CONVERSION = YES;
				CLANG_WARN_OBJC_ROOT_CLASS = YES_ERROR;
				CLANG_WARN_QUOTED_INCLUDE_IN_FRAMEWORK_HEADER = YES;
				CLANG_WARN_RANGE_LOOP_ANALYSIS = YES;
				CLANG_WARN_STRICT_PROTOTYPES = YES;
				CLANG_WARN_SUSPICIOUS_MOVE = YES;
				CLANG_WARN_UNGUARDED_AVAILABILITY = YES_AGGRESSIVE;
				CLANG_WARN_UNREACHABLE_CODE = YES;
				CLANG_WARN__DUPLICATE_METHOD_MATCH = YES;
				COPY_PHASE_STRIP = NO;
				DEBUG_INFORMATION_FORMAT = "dwarf-with-dsym";
				ENABLE_NS_ASSERTIONS = NO;
				ENABLE_STRICT_OBJC_MSGSEND = YES;
				GCC_C_LANGUAGE_STANDARD = gnu11;
				GCC_NO_COMMON_BLOCKS = YES;
				GCC_WARN_64_TO_32_BIT_CONVERSION = YES;
				GCC_WARN_ABOUT_RETURN_TYPE = YES_ERROR;
				GCC_WARN_UNDECLARED_SELECTOR = YES;
				GCC_WARN_UNINITIALIZED_AUTOS = YES_AGGRESSIVE;
				GCC_WARN_UNUSED_FUNCTION = YES;
				GCC_WARN_UNUSED_VARIABLE = YES;
				MACOSX_DEPLOYMENT_TARGET = 10.15;
				MTL_ENABLE_DEBUG_INFO = NO;
				MTL_FAST_MATH = YES;
				SDKROOT = macosx;
				SWIFT_COMPILATION_MODE = wholemodule;
				SWIFT_OPTIMIZATION_LEVEL = "-O";
			};
			name = Release;
		};
		603AAFA22647F88D002809B7 /* Debug */ = {
			isa = XCBuildConfiguration;
			buildSettings = {
				CODE_SIGN_STYLE = Automatic;
				DEVELOPMENT_TEAM = 3K8FAYP34K;
				ENABLE_HARDENED_RUNTIME = YES;
				PRODUCT_NAME = "$(TARGET_NAME)";
				SWIFT_VERSION = 5.0;
			};
			name = Debug;
		};
		603AAFA32647F88D002809B7 /* Release */ = {
			isa = XCBuildConfiguration;
			buildSettings = {
				CODE_SIGN_STYLE = Automatic;
				DEVELOPMENT_TEAM = 3K8FAYP34K;
				ENABLE_HARDENED_RUNTIME = YES;
				PRODUCT_NAME = "$(TARGET_NAME)";
				SWIFT_VERSION = 5.0;
			};
			name = Release;
		};
/* End XCBuildConfiguration section */

/* Begin XCConfigurationList section */
		603AAF952647F88D002809B7 /* Build configuration list for PBXProject "Factory Method Pattern" */ = {
			isa = XCConfigurationList;
			buildConfigurations = (
				603AAF9F2647F88D002809B7 /* Debug */,
				603AAFA02647F88D002809B7 /* Release */,
			);
			defaultConfigurationIsVisible = 0;
			defaultConfigurationName = Release;
		};
		603AAFA12647F88D002809B7 /* Build configuration list for PBXNativeTarget "Factory Method Pattern" */ = {
			isa = XCConfigurationList;
			buildConfigurations = (
				603AAFA22647F88D002809B7 /* Debug */,
				603AAFA32647F88D002809B7 /* Release */,
			);
			defaultConfigurationIsVisible = 0;
			defaultConfigurationName = Release;
		};
/* End XCConfigurationList section */
	};
	rootObject = 603AAF922647F88D002809B7 /* Project object */;
}
